// !$*UTF8*$!
{
	archiveVersion = 1;
	classes = {
	};
	objectVersion = 51;
	objects = {

/* Begin PBXBuildFile section */
		535482974F5105241035C735 /* Pods_firebase_auth__iOS_.framework in Frameworks */ = {isa = PBXBuildFile; fileRef = 3351D568E7F5E6AF05E2A36E /* Pods_firebase_auth__iOS_.framework */; };
		913060B926CA917700695945 /* firebase_authApp.swift in Sources */ = {isa = PBXBuildFile; fileRef = 913060A626CA917200695945 /* firebase_authApp.swift */; };
		913060BA26CA917700695945 /* firebase_authApp.swift in Sources */ = {isa = PBXBuildFile; fileRef = 913060A626CA917200695945 /* firebase_authApp.swift */; };
		913060BB26CA917700695945 /* ContentView.swift in Sources */ = {isa = PBXBuildFile; fileRef = 913060A726CA917200695945 /* ContentView.swift */; };
		913060BC26CA917700695945 /* ContentView.swift in Sources */ = {isa = PBXBuildFile; fileRef = 913060A726CA917200695945 /* ContentView.swift */; };
		913060BD26CA917700695945 /* Assets.xcassets in Resources */ = {isa = PBXBuildFile; fileRef = 913060A826CA917700695945 /* Assets.xcassets */; };
		913060BE26CA917700695945 /* Assets.xcassets in Resources */ = {isa = PBXBuildFile; fileRef = 913060A826CA917700695945 /* Assets.xcassets */; };
		913060C826CAA03700695945 /* GoogleService-Info.plist in Resources */ = {isa = PBXBuildFile; fileRef = 913060C726CAA03700695945 /* GoogleService-Info.plist */; };
		913060C926CAA03700695945 /* GoogleService-Info.plist in Resources */ = {isa = PBXBuildFile; fileRef = 913060C726CAA03700695945 /* GoogleService-Info.plist */; };
		913060CB26CAA0E200695945 /* GoogleService-Info.plist in Resources */ = {isa = PBXBuildFile; fileRef = 913060CA26CAA0E200695945 /* GoogleService-Info.plist */; };
		913060CC26CAA0E200695945 /* GoogleService-Info.plist in Resources */ = {isa = PBXBuildFile; fileRef = 913060CA26CAA0E200695945 /* GoogleService-Info.plist */; };
		C0FB6CA8E4BEDC5D4B7B92EB /* Pods_firebase_auth__macOS_.framework in Frameworks */ = {isa = PBXBuildFile; fileRef = F71297430E100293A69AB0F9 /* Pods_firebase_auth__macOS_.framework */; };
/* End PBXBuildFile section */

/* Begin PBXFileReference section */
		1343AE9A2E422532703FAE0B /* Pods-firebase auth (iOS).debug.xcconfig */ = {isa = PBXFileReference; includeInIndex = 1; lastKnownFileType = text.xcconfig; name = "Pods-firebase auth (iOS).debug.xcconfig"; path = "Target Support Files/Pods-firebase auth (iOS)/Pods-firebase auth (iOS).debug.xcconfig"; sourceTree = "<group>"; };
		2855C6ABF0DBAD1A71DD70F0 /* Pods-firebase auth (iOS).release.xcconfig */ = {isa = PBXFileReference; includeInIndex = 1; lastKnownFileType = text.xcconfig; name = "Pods-firebase auth (iOS).release.xcconfig"; path = "Target Support Files/Pods-firebase auth (iOS)/Pods-firebase auth (iOS).release.xcconfig"; sourceTree = "<group>"; };
		3351D568E7F5E6AF05E2A36E /* Pods_firebase_auth__iOS_.framework */ = {isa = PBXFileReference; explicitFileType = wrapper.framework; includeInIndex = 0; path = Pods_firebase_auth__iOS_.framework; sourceTree = BUILT_PRODUCTS_DIR; };
		4423464DF2C32FF60A899AAB /* Pods-firebase auth (macOS).debug.xcconfig */ = {isa = PBXFileReference; includeInIndex = 1; lastKnownFileType = text.xcconfig; name = "Pods-firebase auth (macOS).debug.xcconfig"; path = "Target Support Files/Pods-firebase auth (macOS)/Pods-firebase auth (macOS).debug.xcconfig"; sourceTree = "<group>"; };
		913060A626CA917200695945 /* firebase_authApp.swift */ = {isa = PBXFileReference; lastKnownFileType = sourcecode.swift; path = firebase_authApp.swift; sourceTree = "<group>"; };
		913060A726CA917200695945 /* ContentView.swift */ = {isa = PBXFileReference; lastKnownFileType = sourcecode.swift; path = ContentView.swift; sourceTree = "<group>"; };
		913060A826CA917700695945 /* Assets.xcassets */ = {isa = PBXFileReference; lastKnownFileType = folder.assetcatalog; path = Assets.xcassets; sourceTree = "<group>"; };
		913060AD26CA917700695945 /* firebase auth.app */ = {isa = PBXFileReference; explicitFileType = wrapper.application; includeInIndex = 0; path = "firebase auth.app"; sourceTree = BUILT_PRODUCTS_DIR; };
		913060B026CA917700695945 /* Info.plist */ = {isa = PBXFileReference; lastKnownFileType = text.plist.xml; path = Info.plist; sourceTree = "<group>"; };
		913060B526CA917700695945 /* firebase auth.app */ = {isa = PBXFileReference; explicitFileType = wrapper.application; includeInIndex = 0; path = "firebase auth.app"; sourceTree = BUILT_PRODUCTS_DIR; };
		913060B726CA917700695945 /* Info.plist */ = {isa = PBXFileReference; lastKnownFileType = text.plist.xml; path = Info.plist; sourceTree = "<group>"; };
		913060B826CA917700695945 /* macOS.entitlements */ = {isa = PBXFileReference; lastKnownFileType = text.plist.entitlements; path = macOS.entitlements; sourceTree = "<group>"; };
		913060C726CAA03700695945 /* GoogleService-Info.plist */ = {isa = PBXFileReference; fileEncoding = 4; lastKnownFileType = text.plist.xml; name = "GoogleService-Info.plist"; path = "../../../Downloads/GoogleService-Info.plist"; sourceTree = "<group>"; };
		913060CA26CAA0E200695945 /* GoogleService-Info.plist */ = {isa = PBXFileReference; fileEncoding = 4; lastKnownFileType = text.plist.xml; name = "GoogleService-Info.plist"; path = "../../../Downloads/GoogleService-Info.plist"; sourceTree = "<group>"; };
		CC763286C8B49C2EE561D930 /* Pods-firebase auth (macOS).release.xcconfig */ = {isa = PBXFileReference; includeInIndex = 1; lastKnownFileType = text.xcconfig; name = "Pods-firebase auth (macOS).release.xcconfig"; path = "Target Support Files/Pods-firebase auth (macOS)/Pods-firebase auth (macOS).release.xcconfig"; sourceTree = "<group>"; };
		F71297430E100293A69AB0F9 /* Pods_firebase_auth__macOS_.framework */ = {isa = PBXFileReference; explicitFileType = wrapper.framework; includeInIndex = 0; path = Pods_firebase_auth__macOS_.framework; sourceTree = BUILT_PRODUCTS_DIR; };
/* End PBXFileReference section */

/* Begin PBXFrameworksBuildPhase section */
		913060AA26CA917700695945 /* Frameworks */ = {
			isa = PBXFrameworksBuildPhase;
			buildActionMask = 2147483647;
			files = (
				535482974F5105241035C735 /* Pods_firebase_auth__iOS_.framework in Frameworks */,
			);
			runOnlyForDeploymentPostprocessing = 0;
		};
		913060B226CA917700695945 /* Frameworks */ = {
			isa = PBXFrameworksBuildPhase;
			buildActionMask = 2147483647;
			files = (
				C0FB6CA8E4BEDC5D4B7B92EB /* Pods_firebase_auth__macOS_.framework in Frameworks */,
			);
			runOnlyForDeploymentPostprocessing = 0;
		};
/* End PBXFrameworksBuildPhase section */

/* Begin PBXGroup section */
		1B745A8E70F669A179A35B6E /* Pods */ = {
			isa = PBXGroup;
			children = (
				1343AE9A2E422532703FAE0B /* Pods-firebase auth (iOS).debug.xcconfig */,
				2855C6ABF0DBAD1A71DD70F0 /* Pods-firebase auth (iOS).release.xcconfig */,
				4423464DF2C32FF60A899AAB /* Pods-firebase auth (macOS).debug.xcconfig */,
				CC763286C8B49C2EE561D930 /* Pods-firebase auth (macOS).release.xcconfig */,
			);
			path = Pods;
			sourceTree = "<group>";
		};
		913060A026CA917200695945 = {
			isa = PBXGroup;
			children = (
				913060A526CA917200695945 /* Shared */,
				913060AF26CA917700695945 /* iOS */,
				913060B626CA917700695945 /* macOS */,
				913060AE26CA917700695945 /* Products */,
				1B745A8E70F669A179A35B6E /* Pods */,
				CBE7E4BC88EF2BC8120C4137 /* Frameworks */,
			);
			sourceTree = "<group>";
		};
		913060A526CA917200695945 /* Shared */ = {
			isa = PBXGroup;
			children = (
				913060A626CA917200695945 /* firebase_authApp.swift */,
				913060CA26CAA0E200695945 /* GoogleService-Info.plist */,
				913060A726CA917200695945 /* ContentView.swift */,
				913060A826CA917700695945 /* Assets.xcassets */,
				913060C726CAA03700695945 /* GoogleService-Info.plist */,
			);
			path = Shared;
			sourceTree = "<group>";
		};
		913060AE26CA917700695945 /* Products */ = {
			isa = PBXGroup;
			children = (
				913060AD26CA917700695945 /* firebase auth.app */,
				913060B526CA917700695945 /* firebase auth.app */,
			);
			name = Products;
			sourceTree = "<group>";
		};
		913060AF26CA917700695945 /* iOS */ = {
			isa = PBXGroup;
			children = (
				913060B026CA917700695945 /* Info.plist */,
			);
			path = iOS;
			sourceTree = "<group>";
		};
		913060B626CA917700695945 /* macOS */ = {
			isa = PBXGroup;
			children = (
				913060B726CA917700695945 /* Info.plist */,
				913060B826CA917700695945 /* macOS.entitlements */,
			);
			path = macOS;
			sourceTree = "<group>";
		};
		CBE7E4BC88EF2BC8120C4137 /* Frameworks */ = {
			isa = PBXGroup;
			children = (
				3351D568E7F5E6AF05E2A36E /* Pods_firebase_auth__iOS_.framework */,
				F71297430E100293A69AB0F9 /* Pods_firebase_auth__macOS_.framework */,
			);
			name = Frameworks;
			sourceTree = "<group>";
		};
/* End PBXGroup section */

/* Begin PBXNativeTarget section */
		913060AC26CA917700695945 /* firebase auth (iOS) */ = {
			isa = PBXNativeTarget;
			buildConfigurationList = 913060C126CA917700695945 /* Build configuration list for PBXNativeTarget "firebase auth (iOS)" */;
			buildPhases = (
				668D68CC493858F3A185D221 /* [CP] Check Pods Manifest.lock */,
				913060A926CA917700695945 /* Sources */,
				913060AA26CA917700695945 /* Frameworks */,
				913060AB26CA917700695945 /* Resources */,
				1DC635B19FFA40B7AD57235D /* [CP] Embed Pods Frameworks */,
			);
			buildRules = (
			);
			dependencies = (
			);
			name = "firebase auth (iOS)";
			productName = "firebase auth (iOS)";
			productReference = 913060AD26CA917700695945 /* firebase auth.app */;
			productType = "com.apple.product-type.application";
		};
		913060B426CA917700695945 /* firebase auth (macOS) */ = {
			isa = PBXNativeTarget;
			buildConfigurationList = 913060C426CA917700695945 /* Build configuration list for PBXNativeTarget "firebase auth (macOS)" */;
			buildPhases = (
				19A299D8604107CA60BFD649 /* [CP] Check Pods Manifest.lock */,
				913060B126CA917700695945 /* Sources */,
				913060B226CA917700695945 /* Frameworks */,
				913060B326CA917700695945 /* Resources */,
				F48C1375F4677CDDD83919EB /* [CP] Embed Pods Frameworks */,
			);
			buildRules = (
			);
			dependencies = (
			);
			name = "firebase auth (macOS)";
			productName = "firebase auth (macOS)";
			productReference = 913060B526CA917700695945 /* firebase auth.app */;
			productType = "com.apple.product-type.application";
		};
/* End PBXNativeTarget section */

/* Begin PBXProject section */
		913060A126CA917200695945 /* Project object */ = {
			isa = PBXProject;
			attributes = {
				LastSwiftUpdateCheck = 1250;
				LastUpgradeCheck = 1250;
				TargetAttributes = {
					913060AC26CA917700695945 = {
						CreatedOnToolsVersion = 12.5;
					};
					913060B426CA917700695945 = {
						CreatedOnToolsVersion = 12.5;
					};
				};
			};
			buildConfigurationList = 913060A426CA917200695945 /* Build configuration list for PBXProject "firebase auth" */;
			compatibilityVersion = "Xcode 9.3";
			developmentRegion = en;
			hasScannedForEncodings = 0;
			knownRegions = (
				en,
				Base,
			);
			mainGroup = 913060A026CA917200695945;
			productRefGroup = 913060AE26CA917700695945 /* Products */;
			projectDirPath = "";
			projectRoot = "";
			targets = (
				913060AC26CA917700695945 /* firebase auth (iOS) */,
				913060B426CA917700695945 /* firebase auth (macOS) */,
			);
		};
/* End PBXProject section */

/* Begin PBXResourcesBuildPhase section */
		913060AB26CA917700695945 /* Resources */ = {
			isa = PBXResourcesBuildPhase;
			buildActionMask = 2147483647;
			files = (
				913060BD26CA917700695945 /* Assets.xcassets in Resources */,
				913060C826CAA03700695945 /* GoogleService-Info.plist in Resources */,
				913060CB26CAA0E200695945 /* GoogleService-Info.plist in Resources */,
			);
			runOnlyForDeploymentPostprocessing = 0;
		};
		913060B326CA917700695945 /* Resources */ = {
			isa = PBXResourcesBuildPhase;
			buildActionMask = 2147483647;
			files = (
				913060BE26CA917700695945 /* Assets.xcassets in Resources */,
				913060C926CAA03700695945 /* GoogleService-Info.plist in Resources */,
				913060CC26CAA0E200695945 /* GoogleService-Info.plist in Resources */,
			);
			runOnlyForDeploymentPostprocessing = 0;
		};
/* End PBXResourcesBuildPhase section */

/* Begin PBXShellScriptBuildPhase section */
		19A299D8604107CA60BFD649 /* [CP] Check Pods Manifest.lock */ = {
			isa = PBXShellScriptBuildPhase;
			buildActionMask = 2147483647;
			files = (
			);
			inputFileListPaths = (
			);
			inputPaths = (
				"${PODS_PODFILE_DIR_PATH}/Podfile.lock",
				"${PODS_ROOT}/Manifest.lock",
			);
			name = "[CP] Check Pods Manifest.lock";
			outputFileListPaths = (
			);
			outputPaths = (
				"$(DERIVED_FILE_DIR)/Pods-firebase auth (macOS)-checkManifestLockResult.txt",
			);
			runOnlyForDeploymentPostprocessing = 0;
			shellPath = /bin/sh;
			shellScript = "diff \"${PODS_PODFILE_DIR_PATH}/Podfile.lock\" \"${PODS_ROOT}/Manifest.lock\" > /dev/null\nif [ $? != 0 ] ; then\n    # print error to STDERR\n    echo \"error: The sandbox is not in sync with the Podfile.lock. Run 'pod install' or update your CocoaPods installation.\" >&2\n    exit 1\nfi\n# This output is used by Xcode 'outputs' to avoid re-running this script phase.\necho \"SUCCESS\" > \"${SCRIPT_OUTPUT_FILE_0}\"\n";
			showEnvVarsInLog = 0;
		};
		1DC635B19FFA40B7AD57235D /* [CP] Embed Pods Frameworks */ = {
			isa = PBXShellScriptBuildPhase;
			buildActionMask = 2147483647;
			files = (
			);
			inputFileListPaths = (
				"${PODS_ROOT}/Target Support Files/Pods-firebase auth (iOS)/Pods-firebase auth (iOS)-frameworks-${CONFIGURATION}-input-files.xcfilelist",
			);
			name = "[CP] Embed Pods Frameworks";
			outputFileListPaths = (
				"${PODS_ROOT}/Target Support Files/Pods-firebase auth (iOS)/Pods-firebase auth (iOS)-frameworks-${CONFIGURATION}-output-files.xcfilelist",
			);
			runOnlyForDeploymentPostprocessing = 0;
			shellPath = /bin/sh;
			shellScript = "\"${PODS_ROOT}/Target Support Files/Pods-firebase auth (iOS)/Pods-firebase auth (iOS)-frameworks.sh\"\n";
			showEnvVarsInLog = 0;
		};
		668D68CC493858F3A185D221 /* [CP] Check Pods Manifest.lock */ = {
			isa = PBXShellScriptBuildPhase;
			buildActionMask = 2147483647;
			files = (
			);
			inputFileListPaths = (
			);
			inputPaths = (
				"${PODS_PODFILE_DIR_PATH}/Podfile.lock",
				"${PODS_ROOT}/Manifest.lock",
			);
			name = "[CP] Check Pods Manifest.lock";
			outputFileListPaths = (
			);
			outputPaths = (
				"$(DERIVED_FILE_DIR)/Pods-firebase auth (iOS)-checkManifestLockResult.txt",
			);
			runOnlyForDeploymentPostprocessing = 0;
			shellPath = /bin/sh;
			shellScript = "diff \"${PODS_PODFILE_DIR_PATH}/Podfile.lock\" \"${PODS_ROOT}/Manifest.lock\" > /dev/null\nif [ $? != 0 ] ; then\n    # print error to STDERR\n    echo \"error: The sandbox is not in sync with the Podfile.lock. Run 'pod install' or update your CocoaPods installation.\" >&2\n    exit 1\nfi\n# This output is used by Xcode 'outputs' to avoid re-running this script phase.\necho \"SUCCESS\" > \"${SCRIPT_OUTPUT_FILE_0}\"\n";
			showEnvVarsInLog = 0;
		};
		F48C1375F4677CDDD83919EB /* [CP] Embed Pods Frameworks */ = {
			isa = PBXShellScriptBuildPhase;
			buildActionMask = 2147483647;
			files = (
			);
			inputFileListPaths = (
				"${PODS_ROOT}/Target Support Files/Pods-firebase auth (macOS)/Pods-firebase auth (macOS)-frameworks-${CONFIGURATION}-input-files.xcfilelist",
			);
			name = "[CP] Embed Pods Frameworks";
			outputFileListPaths = (
				"${PODS_ROOT}/Target Support Files/Pods-firebase auth (macOS)/Pods-firebase auth (macOS)-frameworks-${CONFIGURATION}-output-files.xcfilelist",
			);
			runOnlyForDeploymentPostprocessing = 0;
			shellPath = /bin/sh;
			shellScript = "\"${PODS_ROOT}/Target Support Files/Pods-firebase auth (macOS)/Pods-firebase auth (macOS)-frameworks.sh\"\n";
			showEnvVarsInLog = 0;
		};
/* End PBXShellScriptBuildPhase section */

/* Begin PBXSourcesBuildPhase section */
		913060A926CA917700695945 /* Sources */ = {
			isa = PBXSourcesBuildPhase;
			buildActionMask = 2147483647;
			files = (
				913060BB26CA917700695945 /* ContentView.swift in Sources */,
				913060B926CA917700695945 /* firebase_authApp.swift in Sources */,
			);
			runOnlyForDeploymentPostprocessing = 0;
		};
		913060B126CA917700695945 /* Sources */ = {
			isa = PBXSourcesBuildPhase;
			buildActionMask = 2147483647;
			files = (
				913060BC26CA917700695945 /* ContentView.swift in Sources */,
				913060BA26CA917700695945 /* firebase_authApp.swift in Sources */,
			);
			runOnlyForDeploymentPostprocessing = 0;
		};
/* End PBXSourcesBuildPhase section */

/* Begin XCBuildConfiguration section */
		913060BF26CA917700695945 /* Debug */ = {
			isa = XCBuildConfiguration;
			buildSettings = {
				ALWAYS_SEARCH_USER_PATHS = NO;
				CLANG_ANALYZER_NONNULL = YES;
				CLANG_ANALYZER_NUMBER_OBJECT_CONVERSION = YES_AGGRESSIVE;
				CLANG_CXX_LANGUAGE_STANDARD = "gnu++14";
				CLANG_CXX_LIBRARY = "libc++";
				CLANG_ENABLE_MODULES = YES;
				CLANG_ENABLE_OBJC_ARC = YES;
				CLANG_ENABLE_OBJC_WEAK = YES;
				CLANG_WARN_BLOCK_CAPTURE_AUTORELEASING = YES;
				CLANG_WARN_BOOL_CONVERSION = YES;
				CLANG_WARN_COMMA = YES;
				CLANG_WARN_CONSTANT_CONVERSION = YES;
				CLANG_WARN_DEPRECATED_OBJC_IMPLEMENTATIONS = YES;
				CLANG_WARN_DIRECT_OBJC_ISA_USAGE = YES_ERROR;
				CLANG_WARN_DOCUMENTATION_COMMENTS = YES;
				CLANG_WARN_EMPTY_BODY = YES;
				CLANG_WARN_ENUM_CONVERSION = YES;
				CLANG_WARN_INFINITE_RECURSION = YES;
				CLANG_WARN_INT_CONVERSION = YES;
				CLANG_WARN_NON_LITERAL_NULL_CONVERSION = YES;
				CLANG_WARN_OBJC_IMPLICIT_RETAIN_SELF = YES;
				CLANG_WARN_OBJC_LITERAL_CONVERSION = YES;
				CLANG_WARN_OBJC_ROOT_CLASS = YES_ERROR;
				CLANG_WARN_QUOTED_INCLUDE_IN_FRAMEWORK_HEADER = YES;
				CLANG_WARN_RANGE_LOOP_ANALYSIS = YES;
				CLANG_WARN_STRICT_PROTOTYPES = YES;
				CLANG_WARN_SUSPICIOUS_MOVE = YES;
				CLANG_WARN_UNGUARDED_AVAILABILITY = YES_AGGRESSIVE;
				CLANG_WARN_UNREACHABLE_CODE = YES;
				CLANG_WARN__DUPLICATE_METHOD_MATCH = YES;
				COPY_PHASE_STRIP = NO;
				DEBUG_INFORMATION_FORMAT = dwarf;
				ENABLE_STRICT_OBJC_MSGSEND = YES;
				ENABLE_TESTABILITY = YES;
				GCC_C_LANGUAGE_STANDARD = gnu11;
				GCC_DYNAMIC_NO_PIC = NO;
				GCC_NO_COMMON_BLOCKS = YES;
				GCC_OPTIMIZATION_LEVEL = 0;
				GCC_PREPROCESSOR_DEFINITIONS = (
					"DEBUG=1",
					"$(inherited)",
				);
				GCC_WARN_64_TO_32_BIT_CONVERSION = YES;
				GCC_WARN_ABOUT_RETURN_TYPE = YES_ERROR;
				GCC_WARN_UNDECLARED_SELECTOR = YES;
				GCC_WARN_UNINITIALIZED_AUTOS = YES_AGGRESSIVE;
				GCC_WARN_UNUSED_FUNCTION = YES;
				GCC_WARN_UNUSED_VARIABLE = YES;
				MTL_ENABLE_DEBUG_INFO = INCLUDE_SOURCE;
				MTL_FAST_MATH = YES;
				ONLY_ACTIVE_ARCH = YES;
				SWIFT_ACTIVE_COMPILATION_CONDITIONS = DEBUG;
				SWIFT_OPTIMIZATION_LEVEL = "-Onone";
			};
			name = Debug;
		};
		913060C026CA917700695945 /* Release */ = {
			isa = XCBuildConfiguration;
			buildSettings = {
				ALWAYS_SEARCH_USER_PATHS = NO;
				CLANG_ANALYZER_NONNULL = YES;
				CLANG_ANALYZER_NUMBER_OBJECT_CONVERSION = YES_AGGRESSIVE;
				CLANG_CXX_LANGUAGE_STANDARD = "gnu++14";
				CLANG_CXX_LIBRARY = "libc++";
				CLANG_ENABLE_MODULES = YES;
				CLANG_ENABLE_OBJC_ARC = YES;
				CLANG_ENABLE_OBJC_WEAK = YES;
				CLANG_WARN_BLOCK_CAPTURE_AUTORELEASING = YES;
				CLANG_WARN_BOOL_CONVERSION = YES;
				CLANG_WARN_COMMA = YES;
				CLANG_WARN_CONSTANT_CONVERSION = YES;
				CLANG_WARN_DEPRECATED_OBJC_IMPLEMENTATIONS = YES;
				CLANG_WARN_DIRECT_OBJC_ISA_USAGE = YES_ERROR;
				CLANG_WARN_DOCUMENTATION_COMMENTS = YES;
				CLANG_WARN_EMPTY_BODY = YES;
				CLANG_WARN_ENUM_CONVERSION = YES;
				CLANG_WARN_INFINITE_RECURSION = YES;
				CLANG_WARN_INT_CONVERSION = YES;
				CLANG_WARN_NON_LITERAL_NULL_CONVERSION = YES;
				CLANG_WARN_OBJC_IMPLICIT_RETAIN_SELF = YES;
				CLANG_WARN_OBJC_LITERAL_CONVERSION = YES;
				CLANG_WARN_OBJC_ROOT_CLASS = YES_ERROR;
				CLANG_WARN_QUOTED_INCLUDE_IN_FRAMEWORK_HEADER = YES;
				CLANG_WARN_RANGE_LOOP_ANALYSIS = YES;
				CLANG_WARN_STRICT_PROTOTYPES = YES;
				CLANG_WARN_SUSPICIOUS_MOVE = YES;
				CLANG_WARN_UNGUARDED_AVAILABILITY = YES_AGGRESSIVE;
				CLANG_WARN_UNREACHABLE_CODE = YES;
				CLANG_WARN__DUPLICATE_METHOD_MATCH = YES;
				COPY_PHASE_STRIP = NO;
				DEBUG_INFORMATION_FORMAT = "dwarf-with-dsym";
				ENABLE_NS_ASSERTIONS = NO;
				ENABLE_STRICT_OBJC_MSGSEND = YES;
				GCC_C_LANGUAGE_STANDARD = gnu11;
				GCC_NO_COMMON_BLOCKS = YES;
				GCC_WARN_64_TO_32_BIT_CONVERSION = YES;
				GCC_WARN_ABOUT_RETURN_TYPE = YES_ERROR;
				GCC_WARN_UNDECLARED_SELECTOR = YES;
				GCC_WARN_UNINITIALIZED_AUTOS = YES_AGGRESSIVE;
				GCC_WARN_UNUSED_FUNCTION = YES;
				GCC_WARN_UNUSED_VARIABLE = YES;
				MTL_ENABLE_DEBUG_INFO = NO;
				MTL_FAST_MATH = YES;
				SWIFT_COMPILATION_MODE = wholemodule;
				SWIFT_OPTIMIZATION_LEVEL = "-O";
			};
			name = Release;
		};
		913060C226CA917700695945 /* Debug */ = {
			isa = XCBuildConfiguration;
			baseConfigurationReference = 1343AE9A2E422532703FAE0B /* Pods-firebase auth (iOS).debug.xcconfig */;
			buildSettings = {
				ASSETCATALOG_COMPILER_APPICON_NAME = AppIcon;
				ASSETCATALOG_COMPILER_GLOBAL_ACCENT_COLOR_NAME = AccentColor;
				CODE_SIGN_STYLE = Automatic;
				ENABLE_PREVIEWS = YES;
				FRAMEWORK_SEARCH_PATHS = "$(inherited)";
				HEADER_SEARCH_PATHS = "$(inherited)";
				INFOPLIST_FILE = iOS/Info.plist;
				IPHONEOS_DEPLOYMENT_TARGET = 14.0;
				LD_RUNPATH_SEARCH_PATHS = (
					"$(inherited)",
					"@executable_path/Frameworks",
				);
				PRODUCT_BUNDLE_IDENTIFIER = "amir.firebase-auth";
				PRODUCT_NAME = "firebase auth";
				SDKROOT = iphoneos;
				SWIFT_VERSION = 5.0;
				TARGETED_DEVICE_FAMILY = "1,2";
			};
			name = Debug;
		};
		913060C326CA917700695945 /* Release */ = {
			isa = XCBuildConfiguration;
			baseConfigurationReference = 2855C6ABF0DBAD1A71DD70F0 /* Pods-firebase auth (iOS).release.xcconfig */;
			buildSettings = {
				ASSETCATALOG_COMPILER_APPICON_NAME = AppIcon;
				ASSETCATALOG_COMPILER_GLOBAL_ACCENT_COLOR_NAME = AccentColor;
				CODE_SIGN_STYLE = Automatic;
				ENABLE_PREVIEWS = YES;
				FRAMEWORK_SEARCH_PATHS = "$(inherited)";
				HEADER_SEARCH_PATHS = "$(inherited)";
				INFOPLIST_FILE = iOS/Info.plist;
				IPHONEOS_DEPLOYMENT_TARGET = 14.0;
				LD_RUNPATH_SEARCH_PATHS = (
					"$(inherited)",
					"@executable_path/Frameworks",
				);
				PRODUCT_BUNDLE_IDENTIFIER = "amir.firebase-auth";
				PRODUCT_NAME = "firebase auth";
				SDKROOT = iphoneos;
				SWIFT_VERSION = 5.0;
				TARGETED_DEVICE_FAMILY = "1,2";
				VALIDATE_PRODUCT = YES;
			};
			name = Release;
		};
		913060C526CA917700695945 /* Debug */ = {
			isa = XCBuildConfiguration;
			baseConfigurationReference = 4423464DF2C32FF60A899AAB /* Pods-firebase auth (macOS).debug.xcconfig */;
			buildSettings = {
				ASSETCATALOG_COMPILER_APPICON_NAME = AppIcon;
				ASSETCATALOG_COMPILER_GLOBAL_ACCENT_COLOR_NAME = AccentColor;
				CODE_SIGN_ENTITLEMENTS = macOS/macOS.entitlements;
				CODE_SIGN_STYLE = Automatic;
				COMBINE_HIDPI_IMAGES = YES;
				ENABLE_PREVIEWS = YES;
				INFOPLIST_FILE = macOS/Info.plist;
				LD_RUNPATH_SEARCH_PATHS = (
					"$(inherited)",
					"@executable_path/../Frameworks",
				);
				MACOSX_DEPLOYMENT_TARGET = 11.0;
				PRODUCT_BUNDLE_IDENTIFIER = "amir.firebase-auth";
				PRODUCT_NAME = "firebase auth";
				SDKROOT = macosx;
				SWIFT_VERSION = 5.0;
			};
			name = Debug;
		};
		913060C626CA917700695945 /* Release */ = {
			isa = XCBuildConfiguration;
			baseConfigurationReference = CC763286C8B49C2EE561D930 /* Pods-firebase auth (macOS).release.xcconfig */;
			buildSettings = {
				ASSETCATALOG_COMPILER_APPICON_NAME = AppIcon;
				ASSETCATALOG_COMPILER_GLOBAL_ACCENT_COLOR_NAME = AccentColor;
				CODE_SIGN_ENTITLEMENTS = macOS/macOS.entitlements;
				CODE_SIGN_STYLE = Automatic;
				COMBINE_HIDPI_IMAGES = YES;
				ENABLE_PREVIEWS = YES;
				INFOPLIST_FILE = macOS/Info.plist;
				LD_RUNPATH_SEARCH_PATHS = (
					"$(inherited)",
					"@executable_path/../Frameworks",
				);
				MACOSX_DEPLOYMENT_TARGET = 11.0;
				PRODUCT_BUNDLE_IDENTIFIER = "amir.firebase-auth";
				PRODUCT_NAME = "firebase auth";
				SDKROOT = macosx;
				SWIFT_VERSION = 5.0;
			};
			name = Release;
		};
/* End XCBuildConfiguration section */

/* Begin XCConfigurationList section */
		913060A426CA917200695945 /* Build configuration list for PBXProject "firebase auth" */ = {
			isa = XCConfigurationList;
			buildConfigurations = (
				913060BF26CA917700695945 /* Debug */,
				913060C026CA917700695945 /* Release */,
			);
			defaultConfigurationIsVisible = 0;
			defaultConfigurationName = Release;
		};
		913060C126CA917700695945 /* Build configuration list for PBXNativeTarget "firebase auth (iOS)" */ = {
			isa = XCConfigurationList;
			buildConfigurations = (
				913060C226CA917700695945 /* Debug */,
				913060C326CA917700695945 /* Release */,
			);
			defaultConfigurationIsVisible = 0;
			defaultConfigurationName = Release;
		};
		913060C426CA917700695945 /* Build configuration list for PBXNativeTarget "firebase auth (macOS)" */ = {
			isa = XCConfigurationList;
			buildConfigurations = (
				913060C526CA917700695945 /* Debug */,
				913060C626CA917700695945 /* Release */,
			);
			defaultConfigurationIsVisible = 0;
			defaultConfigurationName = Release;
		};
/* End XCConfigurationList section */
	};
	rootObject = 913060A126CA917200695945 /* Project object */;
}
